
Microsoft Visual Studio Solution File, Format Version 12.00
Project("{F2A71F9B-5D33-465A-A702-920D77279786}") = "Giraffe.API", "Giraffe.API\Giraffe.API.fsproj", "{52F496C3-C463-435B-9A62-E79800903555}"
EndProject
Project("{F2A71F9B-5D33-465A-A702-920D77279786}") = "App", "Frontent.Web\src\App.fsproj", "{22DCCE73-3CFB-40D7-96B6-662B455E2E1C}"
EndProject
Global
	GlobalSection(SolutionConfigurationPlatforms) = preSolution
		Debug|Any CPU = Debug|Any CPU
		Release|Any CPU = Release|Any CPU
	EndGlobalSection
	GlobalSection(ProjectConfigurationPlatforms) = postSolution
		{52F496C3-C463-435B-9A62-E79800903555}.Debug|Any CPU.ActiveCfg = Debug|Any CPU
		{52F496C3-C463-435B-9A62-E79800903555}.Debug|Any CPU.Build.0 = Debug|Any CPU
		{52F496C3-C463-435B-9A62-E79800903555}.Release|Any CPU.ActiveCfg = Release|Any CPU
		{52F496C3-C463-435B-9A62-E79800903555}.Release|Any CPU.Build.0 = Release|Any CPU
		{22DCCE73-3CFB-40D7-96B6-662B455E2E1C}.Debug|Any CPU.ActiveCfg = Debug|Any CPU
		{22DCCE73-3CFB-40D7-96B6-662B455E2E1C}.Debug|Any CPU.Build.0 = Debug|Any CPU
		{22DCCE73-3CFB-40D7-96B6-662B455E2E1C}.Release|Any CPU.ActiveCfg = Release|Any CPU
		{22DCCE73-3CFB-40D7-96B6-662B455E2E1C}.Release|Any CPU.Build.0 = Release|Any CPU
	EndGlobalSection
EndGlobal
